PODS:
  - Nimble (7.0.2)
  - Quick (1.2.0)
  - SKTableViewDataSource (2.0.0)
  - SKWebServiceController (1.0.0)
  - SwiftLint (0.23.1)

DEPENDENCIES:
  - Nimble (= 7.0.2)
  - Quick (= 1.2.0)
  - SKTableViewDataSource (= 2.0.0)
  - SKWebServiceController (= 1.0.0)
  - SwiftLint (= 0.23.1)

SPEC CHECKSUMS:
  Nimble: bfe1f814edabba69ff145cb1283e04ed636a67f2
  Quick: 58d203b1c5e27fff7229c4c1ae445ad7069a7a08
  SKTableViewDataSource: 8a193bcf4ee618e6caa5979bffe7eb35edab3da8
  SKWebServiceController: 8f253b371153ce5d8c293285163eb5e651c6bcdc
  SwiftLint: 1b670ce79284c76520f84060e87d645078fd32fa

PODFILE CHECKSUM: 1968a58c71586bdceaceb5e635b754e5bf39c77d

COCOAPODS: 1.2.1
