// !$*UTF8*$!
{
	archiveVersion = 1;
	classes = {
	};
	objectVersion = 46;
	objects = {

/* Begin PBXBuildFile section */
		14D90F1F1EDF5220002D0ABA /* ImageCacheTests.swift in Sources */ = {isa = PBXBuildFile; fileRef = 14D90F1E1EDF5220002D0ABA /* ImageCacheTests.swift */; };
		14D90F301EDF547F002D0ABA /* AppDelegate.swift in Sources */ = {isa = PBXBuildFile; fileRef = 14D90F2A1EDF547F002D0ABA /* AppDelegate.swift */; };
		14D90F311EDF547F002D0ABA /* Assets.xcassets in Resources */ = {isa = PBXBuildFile; fileRef = 14D90F2B1EDF547F002D0ABA /* Assets.xcassets */; };
		14D90F321EDF547F002D0ABA /* LaunchScreen.storyboard in Resources */ = {isa = PBXBuildFile; fileRef = 14D90F2C1EDF547F002D0ABA /* LaunchScreen.storyboard */; };
		14D90F331EDF547F002D0ABA /* Info.plist in Resources */ = {isa = PBXBuildFile; fileRef = 14D90F2E1EDF547F002D0ABA /* Info.plist */; };
		14D90F361EDF548D002D0ABA /* HomeViewController.swift in Sources */ = {isa = PBXBuildFile; fileRef = 14D90F341EDF548D002D0ABA /* HomeViewController.swift */; };
		14D90F371EDF548D002D0ABA /* HomeViewController.xib in Resources */ = {isa = PBXBuildFile; fileRef = 14D90F351EDF548D002D0ABA /* HomeViewController.xib */; };
		14D90F3F1EDF54E7002D0ABA /* JSONHandler.swift in Sources */ = {isa = PBXBuildFile; fileRef = 14D90F391EDF54E7002D0ABA /* JSONHandler.swift */; };
		14D90F401EDF54E7002D0ABA /* JSONHandling.swift in Sources */ = {isa = PBXBuildFile; fileRef = 14D90F3A1EDF54E7002D0ABA /* JSONHandling.swift */; };
		14D90F411EDF54E7002D0ABA /* TableViewDataSource.swift in Sources */ = {isa = PBXBuildFile; fileRef = 14D90F3B1EDF54E7002D0ABA /* TableViewDataSource.swift */; };
		14D90F421EDF54E7002D0ABA /* URLConstructor.swift in Sources */ = {isa = PBXBuildFile; fileRef = 14D90F3C1EDF54E7002D0ABA /* URLConstructor.swift */; };
		14D90F431EDF54E7002D0ABA /* WebServiceController.swift in Sources */ = {isa = PBXBuildFile; fileRef = 14D90F3D1EDF54E7002D0ABA /* WebServiceController.swift */; };
		14D90F441EDF54E7002D0ABA /* WebServiceError.swift in Sources */ = {isa = PBXBuildFile; fileRef = 14D90F3E1EDF54E7002D0ABA /* WebServiceError.swift */; };
/* End PBXBuildFile section */

/* Begin PBXContainerItemProxy section */
		14D90F1B1EDF5220002D0ABA /* PBXContainerItemProxy */ = {
			isa = PBXContainerItemProxy;
			containerPortal = 14D90EFE1EDF5220002D0ABA /* Project object */;
			proxyType = 1;
			remoteGlobalIDString = 14D90F051EDF5220002D0ABA;
			remoteInfo = ImageCache;
		};
/* End PBXContainerItemProxy section */

/* Begin PBXFileReference section */
		14D90F061EDF5220002D0ABA /* ImageCache.app */ = {isa = PBXFileReference; explicitFileType = wrapper.application; includeInIndex = 0; path = ImageCache.app; sourceTree = BUILT_PRODUCTS_DIR; };
		14D90F1A1EDF5220002D0ABA /* ImageCacheTests.xctest */ = {isa = PBXFileReference; explicitFileType = wrapper.cfbundle; includeInIndex = 0; path = ImageCacheTests.xctest; sourceTree = BUILT_PRODUCTS_DIR; };
		14D90F1E1EDF5220002D0ABA /* ImageCacheTests.swift */ = {isa = PBXFileReference; lastKnownFileType = sourcecode.swift; path = ImageCacheTests.swift; sourceTree = "<group>"; };
		14D90F201EDF5220002D0ABA /* Info.plist */ = {isa = PBXFileReference; lastKnownFileType = text.plist.xml; path = Info.plist; sourceTree = "<group>"; };
		14D90F2A1EDF547F002D0ABA /* AppDelegate.swift */ = {isa = PBXFileReference; fileEncoding = 4; lastKnownFileType = sourcecode.swift; path = AppDelegate.swift; sourceTree = "<group>"; };
		14D90F2B1EDF547F002D0ABA /* Assets.xcassets */ = {isa = PBXFileReference; lastKnownFileType = folder.assetcatalog; path = Assets.xcassets; sourceTree = "<group>"; };
		14D90F2D1EDF547F002D0ABA /* Base */ = {isa = PBXFileReference; lastKnownFileType = file.storyboard; name = Base; path = Base.lproj/LaunchScreen.storyboard; sourceTree = "<group>"; };
		14D90F2E1EDF547F002D0ABA /* Info.plist */ = {isa = PBXFileReference; fileEncoding = 4; lastKnownFileType = text.plist.xml; path = Info.plist; sourceTree = "<group>"; };
		14D90F341EDF548D002D0ABA /* HomeViewController.swift */ = {isa = PBXFileReference; fileEncoding = 4; lastKnownFileType = sourcecode.swift; path = HomeViewController.swift; sourceTree = "<group>"; };
		14D90F351EDF548D002D0ABA /* HomeViewController.xib */ = {isa = PBXFileReference; fileEncoding = 4; lastKnownFileType = file.xib; path = HomeViewController.xib; sourceTree = "<group>"; };
		14D90F391EDF54E7002D0ABA /* JSONHandler.swift */ = {isa = PBXFileReference; fileEncoding = 4; lastKnownFileType = sourcecode.swift; path = JSONHandler.swift; sourceTree = "<group>"; };
		14D90F3A1EDF54E7002D0ABA /* JSONHandling.swift */ = {isa = PBXFileReference; fileEncoding = 4; lastKnownFileType = sourcecode.swift; path = JSONHandling.swift; sourceTree = "<group>"; };
		14D90F3B1EDF54E7002D0ABA /* TableViewDataSource.swift */ = {isa = PBXFileReference; fileEncoding = 4; lastKnownFileType = sourcecode.swift; path = TableViewDataSource.swift; sourceTree = "<group>"; };
		14D90F3C1EDF54E7002D0ABA /* URLConstructor.swift */ = {isa = PBXFileReference; fileEncoding = 4; lastKnownFileType = sourcecode.swift; path = URLConstructor.swift; sourceTree = "<group>"; };
		14D90F3D1EDF54E7002D0ABA /* WebServiceController.swift */ = {isa = PBXFileReference; fileEncoding = 4; lastKnownFileType = sourcecode.swift; path = WebServiceController.swift; sourceTree = "<group>"; };
		14D90F3E1EDF54E7002D0ABA /* WebServiceError.swift */ = {isa = PBXFileReference; fileEncoding = 4; lastKnownFileType = sourcecode.swift; path = WebServiceError.swift; sourceTree = "<group>"; };
		14D90F451EDF55EA002D0ABA /* ImageCacheBridgingHeader.h */ = {isa = PBXFileReference; lastKnownFileType = sourcecode.c.h; path = ImageCacheBridgingHeader.h; sourceTree = "<group>"; };
/* End PBXFileReference section */

/* Begin PBXFrameworksBuildPhase section */
		14D90F031EDF5220002D0ABA /* Frameworks */ = {
			isa = PBXFrameworksBuildPhase;
			buildActionMask = 2147483647;
			files = (
			);
			runOnlyForDeploymentPostprocessing = 0;
		};
		14D90F171EDF5220002D0ABA /* Frameworks */ = {
			isa = PBXFrameworksBuildPhase;
			buildActionMask = 2147483647;
			files = (
			);
			runOnlyForDeploymentPostprocessing = 0;
		};
/* End PBXFrameworksBuildPhase section */

/* Begin PBXGroup section */
		14D90EFD1EDF5220002D0ABA = {
			isa = PBXGroup;
			children = (
				14D90F081EDF5220002D0ABA /* ImageCache */,
				14D90F1D1EDF5220002D0ABA /* ImageCacheTests */,
				14D90F071EDF5220002D0ABA /* Products */,
			);
			sourceTree = "<group>";
		};
		14D90F071EDF5220002D0ABA /* Products */ = {
			isa = PBXGroup;
			children = (
				14D90F061EDF5220002D0ABA /* ImageCache.app */,
				14D90F1A1EDF5220002D0ABA /* ImageCacheTests.xctest */,
			);
			name = Products;
			sourceTree = "<group>";
		};
		14D90F081EDF5220002D0ABA /* ImageCache */ = {
			isa = PBXGroup;
			children = (
				14D90F291EDF547F002D0ABA /* Application */,
				14D90F381EDF54E7002D0ABA /* Controllers */,
				14D90F2F1EDF547F002D0ABA /* ViewControllers */,
			);
			path = ImageCache;
			sourceTree = "<group>";
		};
		14D90F1D1EDF5220002D0ABA /* ImageCacheTests */ = {
			isa = PBXGroup;
			children = (
				14D90F1E1EDF5220002D0ABA /* ImageCacheTests.swift */,
				14D90F201EDF5220002D0ABA /* Info.plist */,
			);
			path = ImageCacheTests;
			sourceTree = "<group>";
		};
		14D90F291EDF547F002D0ABA /* Application */ = {
			isa = PBXGroup;
			children = (
				14D90F2A1EDF547F002D0ABA /* AppDelegate.swift */,
				14D90F2B1EDF547F002D0ABA /* Assets.xcassets */,
				14D90F451EDF55EA002D0ABA /* ImageCacheBridgingHeader.h */,
				14D90F2E1EDF547F002D0ABA /* Info.plist */,
				14D90F2C1EDF547F002D0ABA /* LaunchScreen.storyboard */,
			);
			path = Application;
			sourceTree = "<group>";
		};
		14D90F2F1EDF547F002D0ABA /* ViewControllers */ = {
			isa = PBXGroup;
			children = (
				14D90F341EDF548D002D0ABA /* HomeViewController.swift */,
				14D90F351EDF548D002D0ABA /* HomeViewController.xib */,
			);
			path = ViewControllers;
			sourceTree = "<group>";
		};
		14D90F381EDF54E7002D0ABA /* Controllers */ = {
			isa = PBXGroup;
			children = (
				14D90F391EDF54E7002D0ABA /* JSONHandler.swift */,
				14D90F3A1EDF54E7002D0ABA /* JSONHandling.swift */,
				14D90F3B1EDF54E7002D0ABA /* TableViewDataSource.swift */,
				14D90F3C1EDF54E7002D0ABA /* URLConstructor.swift */,
				14D90F3D1EDF54E7002D0ABA /* WebServiceController.swift */,
				14D90F3E1EDF54E7002D0ABA /* WebServiceError.swift */,
			);
			path = Controllers;
			sourceTree = "<group>";
		};
/* End PBXGroup section */

/* Begin PBXNativeTarget section */
		14D90F051EDF5220002D0ABA /* ImageCache */ = {
			isa = PBXNativeTarget;
			buildConfigurationList = 14D90F231EDF5220002D0ABA /* Build configuration list for PBXNativeTarget "ImageCache" */;
			buildPhases = (
				14D90F021EDF5220002D0ABA /* Sources */,
				14D90F031EDF5220002D0ABA /* Frameworks */,
				14D90F041EDF5220002D0ABA /* Resources */,
			);
			buildRules = (
			);
			dependencies = (
			);
			name = ImageCache;
			productName = ImageCache;
			productReference = 14D90F061EDF5220002D0ABA /* ImageCache.app */;
			productType = "com.apple.product-type.application";
		};
		14D90F191EDF5220002D0ABA /* ImageCacheTests */ = {
			isa = PBXNativeTarget;
			buildConfigurationList = 14D90F261EDF5220002D0ABA /* Build configuration list for PBXNativeTarget "ImageCacheTests" */;
			buildPhases = (
				14D90F161EDF5220002D0ABA /* Sources */,
				14D90F171EDF5220002D0ABA /* Frameworks */,
				14D90F181EDF5220002D0ABA /* Resources */,
			);
			buildRules = (
			);
			dependencies = (
				14D90F1C1EDF5220002D0ABA /* PBXTargetDependency */,
			);
			name = ImageCacheTests;
			productName = ImageCacheTests;
			productReference = 14D90F1A1EDF5220002D0ABA /* ImageCacheTests.xctest */;
			productType = "com.apple.product-type.bundle.unit-test";
		};
/* End PBXNativeTarget section */

/* Begin PBXProject section */
		14D90EFE1EDF5220002D0ABA /* Project object */ = {
			isa = PBXProject;
			attributes = {
				LastSwiftUpdateCheck = 0830;
				LastUpgradeCheck = 0830;
				ORGANIZATIONNAME = "Sean Kladek";
				TargetAttributes = {
					14D90F051EDF5220002D0ABA = {
						CreatedOnToolsVersion = 8.3.2;
						DevelopmentTeam = MV978XDK83;
						ProvisioningStyle = Automatic;
					};
					14D90F191EDF5220002D0ABA = {
						CreatedOnToolsVersion = 8.3.2;
						DevelopmentTeam = MV978XDK83;
						ProvisioningStyle = Automatic;
						TestTargetID = 14D90F051EDF5220002D0ABA;
					};
				};
			};
			buildConfigurationList = 14D90F011EDF5220002D0ABA /* Build configuration list for PBXProject "ImageCache" */;
			compatibilityVersion = "Xcode 3.2";
			developmentRegion = English;
			hasScannedForEncodings = 0;
			knownRegions = (
				en,
				Base,
			);
			mainGroup = 14D90EFD1EDF5220002D0ABA;
			productRefGroup = 14D90F071EDF5220002D0ABA /* Products */;
			projectDirPath = "";
			projectRoot = "";
			targets = (
				14D90F051EDF5220002D0ABA /* ImageCache */,
				14D90F191EDF5220002D0ABA /* ImageCacheTests */,
			);
		};
/* End PBXProject section */

/* Begin PBXResourcesBuildPhase section */
		14D90F041EDF5220002D0ABA /* Resources */ = {
			isa = PBXResourcesBuildPhase;
			buildActionMask = 2147483647;
			files = (
				14D90F311EDF547F002D0ABA /* Assets.xcassets in Resources */,
				14D90F321EDF547F002D0ABA /* LaunchScreen.storyboard in Resources */,
				14D90F331EDF547F002D0ABA /* Info.plist in Resources */,
				14D90F371EDF548D002D0ABA /* HomeViewController.xib in Resources */,
			);
			runOnlyForDeploymentPostprocessing = 0;
		};
		14D90F181EDF5220002D0ABA /* Resources */ = {
			isa = PBXResourcesBuildPhase;
			buildActionMask = 2147483647;
			files = (
			);
			runOnlyForDeploymentPostprocessing = 0;
		};
/* End PBXResourcesBuildPhase section */

/* Begin PBXSourcesBuildPhase section */
		14D90F021EDF5220002D0ABA /* Sources */ = {
			isa = PBXSourcesBuildPhase;
			buildActionMask = 2147483647;
			files = (
				14D90F421EDF54E7002D0ABA /* URLConstructor.swift in Sources */,
				14D90F441EDF54E7002D0ABA /* WebServiceError.swift in Sources */,
				14D90F431EDF54E7002D0ABA /* WebServiceController.swift in Sources */,
				14D90F401EDF54E7002D0ABA /* JSONHandling.swift in Sources */,
				14D90F411EDF54E7002D0ABA /* TableViewDataSource.swift in Sources */,
				14D90F301EDF547F002D0ABA /* AppDelegate.swift in Sources */,
				14D90F3F1EDF54E7002D0ABA /* JSONHandler.swift in Sources */,
				14D90F361EDF548D002D0ABA /* HomeViewController.swift in Sources */,
			);
			runOnlyForDeploymentPostprocessing = 0;
		};
		14D90F161EDF5220002D0ABA /* Sources */ = {
			isa = PBXSourcesBuildPhase;
			buildActionMask = 2147483647;
			files = (
				14D90F1F1EDF5220002D0ABA /* ImageCacheTests.swift in Sources */,
			);
			runOnlyForDeploymentPostprocessing = 0;
		};
/* End PBXSourcesBuildPhase section */

/* Begin PBXTargetDependency section */
		14D90F1C1EDF5220002D0ABA /* PBXTargetDependency */ = {
			isa = PBXTargetDependency;
			target = 14D90F051EDF5220002D0ABA /* ImageCache */;
			targetProxy = 14D90F1B1EDF5220002D0ABA /* PBXContainerItemProxy */;
		};
/* End PBXTargetDependency section */

/* Begin PBXVariantGroup section */
		14D90F2C1EDF547F002D0ABA /* LaunchScreen.storyboard */ = {
			isa = PBXVariantGroup;
			children = (
				14D90F2D1EDF547F002D0ABA /* Base */,
			);
			name = LaunchScreen.storyboard;
			sourceTree = "<group>";
		};
/* End PBXVariantGroup section */

/* Begin XCBuildConfiguration section */
		14D90F211EDF5220002D0ABA /* Debug */ = {
			isa = XCBuildConfiguration;
			buildSettings = {
				ALWAYS_SEARCH_USER_PATHS = NO;
				BASE_URL = "";
				CLANG_ANALYZER_NONNULL = YES;
				CLANG_ANALYZER_NUMBER_OBJECT_CONVERSION = YES_AGGRESSIVE;
				CLANG_CXX_LANGUAGE_STANDARD = "gnu++0x";
				CLANG_CXX_LIBRARY = "libc++";
				CLANG_ENABLE_MODULES = YES;
				CLANG_ENABLE_OBJC_ARC = YES;
				CLANG_WARN_BOOL_CONVERSION = YES;
				CLANG_WARN_CONSTANT_CONVERSION = YES;
				CLANG_WARN_DIRECT_OBJC_ISA_USAGE = YES_ERROR;
				CLANG_WARN_DOCUMENTATION_COMMENTS = YES;
				CLANG_WARN_EMPTY_BODY = YES;
				CLANG_WARN_ENUM_CONVERSION = YES;
				CLANG_WARN_INFINITE_RECURSION = YES;
				CLANG_WARN_INT_CONVERSION = YES;
				CLANG_WARN_OBJC_ROOT_CLASS = YES_ERROR;
				CLANG_WARN_SUSPICIOUS_MOVE = YES;
				CLANG_WARN_UNREACHABLE_CODE = YES;
				CLANG_WARN__DUPLICATE_METHOD_MATCH = YES;
				"CODE_SIGN_IDENTITY[sdk=iphoneos*]" = "iPhone Developer";
				COPY_PHASE_STRIP = NO;
				DEBUG_INFORMATION_FORMAT = dwarf;
				ENABLE_STRICT_OBJC_MSGSEND = YES;
				ENABLE_TESTABILITY = YES;
				GCC_C_LANGUAGE_STANDARD = gnu99;
				GCC_DYNAMIC_NO_PIC = NO;
				GCC_NO_COMMON_BLOCKS = YES;
				GCC_OPTIMIZATION_LEVEL = 0;
				GCC_PREPROCESSOR_DEFINITIONS = (
					"DEBUG=1",
					"$(inherited)",
					"BASE_URL=(@\\\"${BASE_URL}\\\")",
				);
				GCC_WARN_64_TO_32_BIT_CONVERSION = YES;
				GCC_WARN_ABOUT_RETURN_TYPE = YES_ERROR;
				GCC_WARN_UNDECLARED_SELECTOR = YES;
				GCC_WARN_UNINITIALIZED_AUTOS = YES_AGGRESSIVE;
				GCC_WARN_UNUSED_FUNCTION = YES;
				GCC_WARN_UNUSED_VARIABLE = YES;
				IPHONEOS_DEPLOYMENT_TARGET = 10.3;
				MTL_ENABLE_DEBUG_INFO = YES;
				ONLY_ACTIVE_ARCH = YES;
				SDKROOT = iphoneos;
				SWIFT_ACTIVE_COMPILATION_CONDITIONS = DEBUG;
				SWIFT_OBJC_BRIDGING_HEADER = ImageCache/Application/ImageCacheBridgingHeader.h;
				SWIFT_OPTIMIZATION_LEVEL = "-Onone";
			};
			name = Debug;
		};
		14D90F221EDF5220002D0ABA /* Release */ = {
			isa = XCBuildConfiguration;
			buildSettings = {
				ALWAYS_SEARCH_USER_PATHS = NO;
				BASE_URL = "";
				CLANG_ANALYZER_NONNULL = YES;
				CLANG_ANALYZER_NUMBER_OBJECT_CONVERSION = YES_AGGRESSIVE;
				CLANG_CXX_LANGUAGE_STANDARD = "gnu++0x";
				CLANG_CXX_LIBRARY = "libc++";
				CLANG_ENABLE_MODULES = YES;
				CLANG_ENABLE_OBJC_ARC = YES;
				CLANG_WARN_BOOL_CONVERSION = YES;
				CLANG_WARN_CONSTANT_CONVERSION = YES;
				CLANG_WARN_DIRECT_OBJC_ISA_USAGE = YES_ERROR;
				CLANG_WARN_DOCUMENTATION_COMMENTS = YES;
				CLANG_WARN_EMPTY_BODY = YES;
				CLANG_WARN_ENUM_CONVERSION = YES;
				CLANG_WARN_INFINITE_RECURSION = YES;
				CLANG_WARN_INT_CONVERSION = YES;
				CLANG_WARN_OBJC_ROOT_CLASS = YES_ERROR;
				CLANG_WARN_SUSPICIOUS_MOVE = YES;
				CLANG_WARN_UNREACHABLE_CODE = YES;
				CLANG_WARN__DUPLICATE_METHOD_MATCH = YES;
				"CODE_SIGN_IDENTITY[sdk=iphoneos*]" = "iPhone Developer";
				COPY_PHASE_STRIP = NO;
				DEBUG_INFORMATION_FORMAT = "dwarf-with-dsym";
				ENABLE_NS_ASSERTIONS = NO;
				ENABLE_STRICT_OBJC_MSGSEND = YES;
				GCC_C_LANGUAGE_STANDARD = gnu99;
				GCC_NO_COMMON_BLOCKS = YES;
				GCC_PREPROCESSOR_DEFINITIONS = "BASE_URL=(@\\\"${BASE_URL}\\\")";
				GCC_WARN_64_TO_32_BIT_CONVERSION = YES;
				GCC_WARN_ABOUT_RETURN_TYPE = YES_ERROR;
				GCC_WARN_UNDECLARED_SELECTOR = YES;
				GCC_WARN_UNINITIALIZED_AUTOS = YES_AGGRESSIVE;
				GCC_WARN_UNUSED_FUNCTION = YES;
				GCC_WARN_UNUSED_VARIABLE = YES;
				IPHONEOS_DEPLOYMENT_TARGET = 10.3;
				MTL_ENABLE_DEBUG_INFO = NO;
				SDKROOT = iphoneos;
				SWIFT_OBJC_BRIDGING_HEADER = ImageCache/Application/ImageCacheBridgingHeader.h;
				SWIFT_OPTIMIZATION_LEVEL = "-Owholemodule";
				VALIDATE_PRODUCT = YES;
			};
			name = Release;
		};
		14D90F241EDF5220002D0ABA /* Debug */ = {
			isa = XCBuildConfiguration;
			buildSettings = {
				ASSETCATALOG_COMPILER_APPICON_NAME = AppIcon;
				DEVELOPMENT_TEAM = MV978XDK83;
				INFOPLIST_FILE = "$(SRCROOT)/ImageCache/Application/Info.plist";
				LD_RUNPATH_SEARCH_PATHS = "$(inherited) @executable_path/Frameworks";
				PRODUCT_BUNDLE_IDENTIFIER = com.skladek.ImageCache;
				PRODUCT_NAME = "$(TARGET_NAME)";
				SWIFT_VERSION = 3.0;
			};
			name = Debug;
		};
		14D90F251EDF5220002D0ABA /* Release */ = {
			isa = XCBuildConfiguration;
			buildSettings = {
				ASSETCATALOG_COMPILER_APPICON_NAME = AppIcon;
				DEVELOPMENT_TEAM = MV978XDK83;
				INFOPLIST_FILE = "$(SRCROOT)/ImageCache/Application/Info.plist";
				LD_RUNPATH_SEARCH_PATHS = "$(inherited) @executable_path/Frameworks";
				PRODUCT_BUNDLE_IDENTIFIER = com.skladek.ImageCache;
				PRODUCT_NAME = "$(TARGET_NAME)";
				SWIFT_VERSION = 3.0;
			};
			name = Release;
		};
		14D90F271EDF5220002D0ABA /* Debug */ = {
			isa = XCBuildConfiguration;
			buildSettings = {
				ALWAYS_EMBED_SWIFT_STANDARD_LIBRARIES = YES;
				BUNDLE_LOADER = "$(TEST_HOST)";
				DEVELOPMENT_TEAM = MV978XDK83;
				INFOPLIST_FILE = ImageCacheTests/Info.plist;
				LD_RUNPATH_SEARCH_PATHS = "$(inherited) @executable_path/Frameworks @loader_path/Frameworks";
				PRODUCT_BUNDLE_IDENTIFIER = com.skladek.ImageCacheTests;
				PRODUCT_NAME = "$(TARGET_NAME)";
				SWIFT_VERSION = 3.0;
				TEST_HOST = "$(BUILT_PRODUCTS_DIR)/ImageCache.app/ImageCache";
			};
			name = Debug;
		};
		14D90F281EDF5220002D0ABA /* Release */ = {
			isa = XCBuildConfiguration;
			buildSettings = {
				ALWAYS_EMBED_SWIFT_STANDARD_LIBRARIES = YES;
				BUNDLE_LOADER = "$(TEST_HOST)";
				DEVELOPMENT_TEAM = MV978XDK83;
				INFOPLIST_FILE = ImageCacheTests/Info.plist;
				LD_RUNPATH_SEARCH_PATHS = "$(inherited) @executable_path/Frameworks @loader_path/Frameworks";
				PRODUCT_BUNDLE_IDENTIFIER = com.skladek.ImageCacheTests;
				PRODUCT_NAME = "$(TARGET_NAME)";
				SWIFT_VERSION = 3.0;
				TEST_HOST = "$(BUILT_PRODUCTS_DIR)/ImageCache.app/ImageCache";
			};
			name = Release;
		};
/* End XCBuildConfiguration section */

/* Begin XCConfigurationList section */
		14D90F011EDF5220002D0ABA /* Build configuration list for PBXProject "ImageCache" */ = {
			isa = XCConfigurationList;
			buildConfigurations = (
				14D90F211EDF5220002D0ABA /* Debug */,
				14D90F221EDF5220002D0ABA /* Release */,
			);
			defaultConfigurationIsVisible = 0;
			defaultConfigurationName = Release;
		};
		14D90F231EDF5220002D0ABA /* Build configuration list for PBXNativeTarget "ImageCache" */ = {
			isa = XCConfigurationList;
			buildConfigurations = (
				14D90F241EDF5220002D0ABA /* Debug */,
				14D90F251EDF5220002D0ABA /* Release */,
			);
			defaultConfigurationIsVisible = 0;
			defaultConfigurationName = Release;
		};
		14D90F261EDF5220002D0ABA /* Build configuration list for PBXNativeTarget "ImageCacheTests" */ = {
			isa = XCConfigurationList;
			buildConfigurations = (
				14D90F271EDF5220002D0ABA /* Debug */,
				14D90F281EDF5220002D0ABA /* Release */,
			);
			defaultConfigurationIsVisible = 0;
			defaultConfigurationName = Release;
		};
/* End XCConfigurationList section */
	};
	rootObject = 14D90EFE1EDF5220002D0ABA /* Project object */;
}
